
Microsoft Visual Studio Solution File, Format Version 12.00
# Visual Studio Version 16
VisualStudioVersion = 16.0.30204.135
MinimumVisualStudioVersion = 10.0.40219.1
Project("{FAE04EC0-301F-11D3-BF4B-00C04F79EFBC}") = "Cup", "Cup\Cup.csproj", "{EBC70673-7C7B-444A-9333-2490D032E635}"
EndProject
Global
	GlobalSection(SolutionConfigurationPlatforms) = preSolution
		Debug|Any CPU = Debug|Any CPU
		Release|Any CPU = Release|Any CPU
	EndGlobalSection
	GlobalSection(ProjectConfigurationPlatforms) = postSolution
		{EBC70673-7C7B-444A-9333-2490D032E635}.Debug|Any CPU.ActiveCfg = Debug|Any CPU
		{EBC70673-7C7B-444A-9333-2490D032E635}.Debug|Any CPU.Build.0 = Debug|Any CPU
		{EBC70673-7C7B-444A-9333-2490D032E635}.Release|Any CPU.ActiveCfg = Release|Any CPU
		{EBC70673-7C7B-444A-9333-2490D032E635}.Release|Any CPU.Build.0 = Release|Any CPU
	EndGlobalSection
	GlobalSection(SolutionProperties) = preSolution
		HideSolutionNode = FALSE
	EndGlobalSection
	GlobalSection(ExtensibilityGlobals) = postSolution
		SolutionGuid = {0EEFB51C-465B-461A-AD21-4C35CF9C9B9E}
	EndGlobalSection
EndGlobal
